
Microsoft Visual Studio Solution File, Format Version 12.00
# Visual Studio 2012
Project("{FAE04EC0-301F-11D3-BF4B-00C04F79EFBC}") = "OpenGarage", "OpenGarage.csproj", "{744E09BA-B9BA-4BB3-B6E1-A55EA1DE4A6D}"
EndProject
Global
	GlobalSection(SolutionConfigurationPlatforms) = preSolution
		Debug|Any CPU = Debug|Any CPU
		Release|Any CPU = Release|Any CPU
	EndGlobalSection
	GlobalSection(ProjectConfigurationPlatforms) = postSolution
		{744E09BA-B9BA-4BB3-B6E1-A55EA1DE4A6D}.Debug|Any CPU.ActiveCfg = Debug|Any CPU
		{744E09BA-B9BA-4BB3-B6E1-A55EA1DE4A6D}.Debug|Any CPU.Build.0 = Debug|Any CPU
		{744E09BA-B9BA-4BB3-B6E1-A55EA1DE4A6D}.Release|Any CPU.ActiveCfg = Release|Any CPU
		{744E09BA-B9BA-4BB3-B6E1-A55EA1DE4A6D}.Release|Any CPU.Build.0 = Release|Any CPU
	EndGlobalSection
	GlobalSection(SolutionProperties) = preSolution
		HideSolutionNode = FALSE
	EndGlobalSection
EndGlobal
